
Microsoft Visual Studio Solution File, Format Version 12.00
# Visual Studio Version 17
VisualStudioVersion = 17.9.34728.123
MinimumVisualStudioVersion = 10.0.40219.1
Project("{FAE04EC0-301F-11D3-BF4B-00C04F79EFBC}") = "StudentManagementSystem.API", "StudentManagementSystem\StudentManagementSystem.API.csproj", "{01DF0CE3-1A0C-4F70-9495-951B9CC2CE3E}"
EndProject
Project("{FAE04EC0-301F-11D3-BF4B-00C04F79EFBC}") = "StudentManagementSystem.Service", "StudentManagementSystem.Service\StudentManagementSystem.Service.csproj", "{4402FEB6-93A7-4113-9D52-32D261F640A2}"
EndProject
Project("{FAE04EC0-301F-11D3-BF4B-00C04F79EFBC}") = "StudentManagementSystem.Repository", "StudentManagementSystem.Repository\StudentManagementSystem.Repository.csproj", "{F907E076-FA15-4232-AB9F-1F830576BF44}"
EndProject
Global
	GlobalSection(SolutionConfigurationPlatforms) = preSolution
		Debug|Any CPU = Debug|Any CPU
		Release|Any CPU = Release|Any CPU
	EndGlobalSection
	GlobalSection(ProjectConfigurationPlatforms) = postSolution
		{01DF0CE3-1A0C-4F70-9495-951B9CC2CE3E}.Debug|Any CPU.ActiveCfg = Debug|Any CPU
		{01DF0CE3-1A0C-4F70-9495-951B9CC2CE3E}.Debug|Any CPU.Build.0 = Debug|Any CPU
		{01DF0CE3-1A0C-4F70-9495-951B9CC2CE3E}.Release|Any CPU.ActiveCfg = Release|Any CPU
		{01DF0CE3-1A0C-4F70-9495-951B9CC2CE3E}.Release|Any CPU.Build.0 = Release|Any CPU
		{4402FEB6-93A7-4113-9D52-32D261F640A2}.Debug|Any CPU.ActiveCfg = Debug|Any CPU
		{4402FEB6-93A7-4113-9D52-32D261F640A2}.Debug|Any CPU.Build.0 = Debug|Any CPU
		{4402FEB6-93A7-4113-9D52-32D261F640A2}.Release|Any CPU.ActiveCfg = Release|Any CPU
		{4402FEB6-93A7-4113-9D52-32D261F640A2}.Release|Any CPU.Build.0 = Release|Any CPU
		{F907E076-FA15-4232-AB9F-1F830576BF44}.Debug|Any CPU.ActiveCfg = Debug|Any CPU
		{F907E076-FA15-4232-AB9F-1F830576BF44}.Debug|Any CPU.Build.0 = Debug|Any CPU
		{F907E076-FA15-4232-AB9F-1F830576BF44}.Release|Any CPU.ActiveCfg = Release|Any CPU
		{F907E076-FA15-4232-AB9F-1F830576BF44}.Release|Any CPU.Build.0 = Release|Any CPU
	EndGlobalSection
	GlobalSection(SolutionProperties) = preSolution
		HideSolutionNode = FALSE
	EndGlobalSection
	GlobalSection(ExtensibilityGlobals) = postSolution
		SolutionGuid = {CEF9C2E9-19FB-4E44-8140-CC4C25E304A6}
	EndGlobalSection
EndGlobal
