
Microsoft Visual Studio Solution File, Format Version 12.00
# Visual Studio Version 17
VisualStudioVersion = 17.9.34728.123
MinimumVisualStudioVersion = 10.0.40219.1
Project("{FAE04EC0-301F-11D3-BF4B-00C04F79EFBC}") = "StudentManagementSystem", "StudentManagementSystem\StudentManagementSystem.csproj", "{01DF0CE3-1A0C-4F70-9495-951B9CC2CE3E}"
EndProject
Global
	GlobalSection(SolutionConfigurationPlatforms) = preSolution
		Debug|Any CPU = Debug|Any CPU
		Release|Any CPU = Release|Any CPU
	EndGlobalSection
	GlobalSection(ProjectConfigurationPlatforms) = postSolution
		{01DF0CE3-1A0C-4F70-9495-951B9CC2CE3E}.Debug|Any CPU.ActiveCfg = Debug|Any CPU
		{01DF0CE3-1A0C-4F70-9495-951B9CC2CE3E}.Debug|Any CPU.Build.0 = Debug|Any CPU
		{01DF0CE3-1A0C-4F70-9495-951B9CC2CE3E}.Release|Any CPU.ActiveCfg = Release|Any CPU
		{01DF0CE3-1A0C-4F70-9495-951B9CC2CE3E}.Release|Any CPU.Build.0 = Release|Any CPU
	EndGlobalSection
	GlobalSection(SolutionProperties) = preSolution
		HideSolutionNode = FALSE
	EndGlobalSection
	GlobalSection(ExtensibilityGlobals) = postSolution
		SolutionGuid = {CEF9C2E9-19FB-4E44-8140-CC4C25E304A6}
	EndGlobalSection
EndGlobal
